
Microsoft Visual Studio Solution File, Format Version 10.00
# Visual Studio 2008
Project("{FAE04EC0-301F-11D3-BF4B-00C04F79EFBC}") = "Kland_link_title", "Kland_link_title\Kland_link_title.csproj", "{38FFA4F7-FFA8-47AE-8A88-DE5120718359}"
EndProject
Global
	GlobalSection(SolutionConfigurationPlatforms) = preSolution
		Debug|Any CPU = Debug|Any CPU
		Release|Any CPU = Release|Any CPU
	EndGlobalSection
	GlobalSection(ProjectConfigurationPlatforms) = postSolution
		{38FFA4F7-FFA8-47AE-8A88-DE5120718359}.Debug|Any CPU.ActiveCfg = Debug|Any CPU
		{38FFA4F7-FFA8-47AE-8A88-DE5120718359}.Debug|Any CPU.Build.0 = Debug|Any CPU
		{38FFA4F7-FFA8-47AE-8A88-DE5120718359}.Release|Any CPU.ActiveCfg = Release|Any CPU
		{38FFA4F7-FFA8-47AE-8A88-DE5120718359}.Release|Any CPU.Build.0 = Release|Any CPU
	EndGlobalSection
	GlobalSection(SolutionProperties) = preSolution
		HideSolutionNode = FALSE
	EndGlobalSection
EndGlobal
